
Microsoft Visual Studio Solution File, Format Version 12.00
# Visual Studio 15
VisualStudioVersion = 15.0.26730.8
MinimumVisualStudioVersion = 10.0.40219.1
Project("{FAE04EC0-301F-11D3-BF4B-00C04F79EFBC}") = "IOCDemo", "IOCDemo\IOCDemo.csproj", "{D66507B8-9C65-4A7C-B14C-D645F4F01A47}"
EndProject
Project("{FAE04EC0-301F-11D3-BF4B-00C04F79EFBC}") = "IOC.Demo.Lib", "IOC.Demo.Lib\IOC.Demo.Lib.csproj", "{932C5BE4-BAA3-4193-A60D-D3A5D8F59903}"
EndProject
Project("{FAE04EC0-301F-11D3-BF4B-00C04F79EFBC}") = "WebApp", "WebApp\WebApp.csproj", "{947690F8-DA02-4C74-9D3D-945DBDCFCD66}"
EndProject
Global
	GlobalSection(SolutionConfigurationPlatforms) = preSolution
		Debug|Any CPU = Debug|Any CPU
		Release|Any CPU = Release|Any CPU
	EndGlobalSection
	GlobalSection(ProjectConfigurationPlatforms) = postSolution
		{D66507B8-9C65-4A7C-B14C-D645F4F01A47}.Debug|Any CPU.ActiveCfg = Debug|Any CPU
		{D66507B8-9C65-4A7C-B14C-D645F4F01A47}.Debug|Any CPU.Build.0 = Debug|Any CPU
		{D66507B8-9C65-4A7C-B14C-D645F4F01A47}.Release|Any CPU.ActiveCfg = Release|Any CPU
		{D66507B8-9C65-4A7C-B14C-D645F4F01A47}.Release|Any CPU.Build.0 = Release|Any CPU
		{932C5BE4-BAA3-4193-A60D-D3A5D8F59903}.Debug|Any CPU.ActiveCfg = Debug|Any CPU
		{932C5BE4-BAA3-4193-A60D-D3A5D8F59903}.Debug|Any CPU.Build.0 = Debug|Any CPU
		{932C5BE4-BAA3-4193-A60D-D3A5D8F59903}.Release|Any CPU.ActiveCfg = Release|Any CPU
		{932C5BE4-BAA3-4193-A60D-D3A5D8F59903}.Release|Any CPU.Build.0 = Release|Any CPU
		{947690F8-DA02-4C74-9D3D-945DBDCFCD66}.Debug|Any CPU.ActiveCfg = Debug|Any CPU
		{947690F8-DA02-4C74-9D3D-945DBDCFCD66}.Debug|Any CPU.Build.0 = Debug|Any CPU
		{947690F8-DA02-4C74-9D3D-945DBDCFCD66}.Release|Any CPU.ActiveCfg = Release|Any CPU
		{947690F8-DA02-4C74-9D3D-945DBDCFCD66}.Release|Any CPU.Build.0 = Release|Any CPU
	EndGlobalSection
	GlobalSection(SolutionProperties) = preSolution
		HideSolutionNode = FALSE
	EndGlobalSection
	GlobalSection(ExtensibilityGlobals) = postSolution
		SolutionGuid = {B3C9003B-0780-4F40-BB1C-A45048A29422}
	EndGlobalSection
EndGlobal
